
Microsoft Visual Studio Solution File, Format Version 11.00
# Visual C++ Express 2010
Project("{8BC9CEB8-8B4A-11D0-8D11-00A0C91BC942}") = "SparseTable", "SparseTable\SparseTable.vcxproj", "{F54F618A-B72B-4C41-923F-3766F156F918}"
EndProject
Global
	GlobalSection(SolutionConfigurationPlatforms) = preSolution
		Debug|Win32 = Debug|Win32
		Release|Win32 = Release|Win32
	EndGlobalSection
	GlobalSection(ProjectConfigurationPlatforms) = postSolution
		{F54F618A-B72B-4C41-923F-3766F156F918}.Debug|Win32.ActiveCfg = Debug|Win32
		{F54F618A-B72B-4C41-923F-3766F156F918}.Debug|Win32.Build.0 = Debug|Win32
		{F54F618A-B72B-4C41-923F-3766F156F918}.Release|Win32.ActiveCfg = Release|Win32
		{F54F618A-B72B-4C41-923F-3766F156F918}.Release|Win32.Build.0 = Release|Win32
	EndGlobalSection
	GlobalSection(SolutionProperties) = preSolution
		HideSolutionNode = FALSE
	EndGlobalSection
EndGlobal
